<?xml version="1.0"?>
<Project ToolsVersion="4.0" xmlns="http://schemas.microsoft.com/developer/msbuild/2003">
	<ItemGroup>
		<ClCompile Include="src\ofApp.cpp">
			<Filter>src</Filter>
		</ClCompile>
		<ClCompile Include="src\main.cpp">
			<Filter>src</Filter>
		</ClCompile>
		<ClCompile Include="src\main.cpp">
			<Filter>src</Filter>
		</ClCompile>
		<ClCompile Include="src\ofApp.cpp">
			<Filter>src</Filter>
		</ClCompile>
		<ClCompile Include="..\..\..\addons\ofxMidi\src\desktop\ofxRtMidiIn.cpp">
			<Filter>addons\ofxMidi\src\desktop</Filter>
		</ClCompile>
		<ClCompile Include="..\..\..\addons\ofxMidi\src\desktop\ofxRtMidiOut.cpp">
			<Filter>addons\ofxMidi\src\desktop</Filter>
		</ClCompile>
		<ClCompile Include="..\..\..\addons\ofxMidi\src\ofxBaseMidi.cpp">
			<Filter>addons\ofxMidi\src</Filter>
		</ClCompile>
		<ClCompile Include="..\..\..\addons\ofxMidi\src\ofxMidi.cpp">
			<Filter>addons\ofxMidi\src</Filter>
		</ClCompile>
		<ClCompile Include="..\..\..\addons\ofxMidi\src\ofxMidiClock.cpp">
			<Filter>addons\ofxMidi\src</Filter>
		</ClCompile>
		<ClCompile Include="..\..\..\addons\ofxMidi\src\ofxMidiIn.cpp">
			<Filter>addons\ofxMidi\src</Filter>
		</ClCompile>
		<ClCompile Include="..\..\..\addons\ofxMidi\src\ofxMidiMessage.cpp">
			<Filter>addons\ofxMidi\src</Filter>
		</ClCompile>
		<ClCompile Include="..\..\..\addons\ofxMidi\src\ofxMidiOut.cpp">
			<Filter>addons\ofxMidi\src</Filter>
		</ClCompile>
		<ClCompile Include="..\..\..\addons\ofxMidi\src\ofxMidiTimecode.cpp">
			<Filter>addons\ofxMidi\src</Filter>
		</ClCompile>
		<ClCompile Include="..\..\..\addons\ofxMidi\libs\rtmidi\RtMidi.cpp">
			<Filter>addons\ofxMidi\libs\rtmidi</Filter>
		</ClCompile>
	</ItemGroup>
	<ItemGroup>
		<Filter Include="src">
			<UniqueIdentifier>{d8376475-7454-4a24-b08a-aac121d3ad6f}</UniqueIdentifier>
		</Filter>
		<Filter Include="addons">
			<UniqueIdentifier>{741345D7--18C-2-4E-FF-A-3E0-4D2E1EA40889}</UniqueIdentifier>
		</Filter>
		<Filter Include="addons\ofxMidi">
			<UniqueIdentifier>{4370B471--37F-B-40-50-A-8E8-5998859BF46A}</UniqueIdentifier>
		</Filter>
		<Filter Include="addons\ofxMidi\src">
			<UniqueIdentifier>{B305993D--503-3-42-6F-A-CCC-351C2E616266}</UniqueIdentifier>
		</Filter>
		<Filter Include="addons\ofxMidi\src\desktop">
			<UniqueIdentifier>{00BA24C9--933-0-4A-11-9-C84-1027C9473173}</UniqueIdentifier>
		</Filter>
		<Filter Include="addons\ofxMidi\libs">
			<UniqueIdentifier>{9D90312D--B73-C-4C-7B-A-594-2003E7048E7C}</UniqueIdentifier>
		</Filter>
		<Filter Include="addons\ofxMidi\libs\rtmidi">
			<UniqueIdentifier>{EB30F38C--6C4-C-42-BD-9-2BC-5230C1420A13}</UniqueIdentifier>
		</Filter>
	</ItemGroup>
	<ItemGroup>
		<ClInclude Include="src\ofApp.h">
			<Filter>src</Filter>
		</ClInclude>
		<ClInclude Include="src\ofApp.h">
			<Filter>src</Filter>
		</ClInclude>
		<ClInclude Include="..\..\..\addons\ofxMidi\src\desktop\ofxRtMidiIn.h">
			<Filter>addons\ofxMidi\src\desktop</Filter>
		</ClInclude>
		<ClInclude Include="..\..\..\addons\ofxMidi\src\desktop\ofxRtMidiOut.h">
			<Filter>addons\ofxMidi\src\desktop</Filter>
		</ClInclude>
		<ClInclude Include="..\..\..\addons\ofxMidi\src\ofxBaseMidi.h">
			<Filter>addons\ofxMidi\src</Filter>
		</ClInclude>
		<ClInclude Include="..\..\..\addons\ofxMidi\src\ofxMidi.h">
			<Filter>addons\ofxMidi\src</Filter>
		</ClInclude>
		<ClInclude Include="..\..\..\addons\ofxMidi\src\ofxMidiClock.h">
			<Filter>addons\ofxMidi\src</Filter>
		</ClInclude>
		<ClInclude Include="..\..\..\addons\ofxMidi\src\ofxMidiConstants.h">
			<Filter>addons\ofxMidi\src</Filter>
		</ClInclude>
		<ClInclude Include="..\..\..\addons\ofxMidi\src\ofxMidiIn.h">
			<Filter>addons\ofxMidi\src</Filter>
		</ClInclude>
		<ClInclude Include="..\..\..\addons\ofxMidi\src\ofxMidiMessage.h">
			<Filter>addons\ofxMidi\src</Filter>
		</ClInclude>
		<ClInclude Include="..\..\..\addons\ofxMidi\src\ofxMidiOut.h">
			<Filter>addons\ofxMidi\src</Filter>
		</ClInclude>
		<ClInclude Include="..\..\..\addons\ofxMidi\src\ofxMidiTimecode.h">
			<Filter>addons\ofxMidi\src</Filter>
		</ClInclude>
		<ClInclude Include="..\..\..\addons\ofxMidi\src\ofxMidiTypes.h">
			<Filter>addons\ofxMidi\src</Filter>
		</ClInclude>
		<ClInclude Include="..\..\..\addons\ofxMidi\libs\rtmidi\RtMidi.h">
			<Filter>addons\ofxMidi\libs\rtmidi</Filter>
		</ClInclude>
	</ItemGroup>
	<ItemGroup>
		<ResourceCompile Include="icon.rc" />
	</ItemGroup>
</Project>
